
Microsoft Visual Studio Solution File, Format Version 12.00
# Visual Studio Version 17
VisualStudioVersion = 17.10.35027.167
MinimumVisualStudioVersion = 10.0.40219.1
Project("{FAE04EC0-301F-11D3-BF4B-00C04F79EFBC}") = "ReactStudentProject.Server", "ReactStudentProject.Server\ReactStudentProject.Server.csproj", "{BF63FC64-A335-4E36-A657-1C2F57E42540}"
EndProject
Project("{54A90642-561A-4BB1-A94E-469ADEE60C69}") = "reactstudentproject.client", "reactstudentproject.client\reactstudentproject.client.esproj", "{00D01B34-07E8-4A11-9FC2-38B5E307D693}"
EndProject
Global
	GlobalSection(SolutionConfigurationPlatforms) = preSolution
		Debug|Any CPU = Debug|Any CPU
		Release|Any CPU = Release|Any CPU
	EndGlobalSection
	GlobalSection(ProjectConfigurationPlatforms) = postSolution
		{BF63FC64-A335-4E36-A657-1C2F57E42540}.Debug|Any CPU.ActiveCfg = Debug|Any CPU
		{BF63FC64-A335-4E36-A657-1C2F57E42540}.Debug|Any CPU.Build.0 = Debug|Any CPU
		{BF63FC64-A335-4E36-A657-1C2F57E42540}.Release|Any CPU.ActiveCfg = Release|Any CPU
		{BF63FC64-A335-4E36-A657-1C2F57E42540}.Release|Any CPU.Build.0 = Release|Any CPU
		{00D01B34-07E8-4A11-9FC2-38B5E307D693}.Debug|Any CPU.ActiveCfg = Debug|Any CPU
		{00D01B34-07E8-4A11-9FC2-38B5E307D693}.Debug|Any CPU.Build.0 = Debug|Any CPU
		{00D01B34-07E8-4A11-9FC2-38B5E307D693}.Debug|Any CPU.Deploy.0 = Debug|Any CPU
		{00D01B34-07E8-4A11-9FC2-38B5E307D693}.Release|Any CPU.ActiveCfg = Release|Any CPU
		{00D01B34-07E8-4A11-9FC2-38B5E307D693}.Release|Any CPU.Build.0 = Release|Any CPU
		{00D01B34-07E8-4A11-9FC2-38B5E307D693}.Release|Any CPU.Deploy.0 = Release|Any CPU
	EndGlobalSection
	GlobalSection(SolutionProperties) = preSolution
		HideSolutionNode = FALSE
	EndGlobalSection
	GlobalSection(ExtensibilityGlobals) = postSolution
		SolutionGuid = {A4373146-EA88-4F1B-BE88-47B65189438B}
	EndGlobalSection
EndGlobal
